// !$*UTF8*$!
{
	archiveVersion = 1;
	classes = {
	};
	objectVersion = 46;
	objects = {

/* Begin PBXBuildFile section */
		5E54ADA11C550FAE00D8A2BB /* TSNews.m in Sources */ = {isa = PBXBuildFile; fileRef = 5E54AD9F1C550FAE00D8A2BB /* TSNews.m */; };
		5E54ADA41C550FCB00D8A2BB /* ViewController.m in Sources */ = {isa = PBXBuildFile; fileRef = 5E54ADA31C550FCB00D8A2BB /* ViewController.m */; };
		5E54ADAA1C55106C00D8A2BB /* AFBridge.m in Sources */ = {isa = PBXBuildFile; fileRef = 5E54ADA81C55106C00D8A2BB /* AFBridge.m */; };
		5E54ADAB1C55106C00D8A2BB /* URLResorces.plist in Resources */ = {isa = PBXBuildFile; fileRef = 5E54ADA91C55106C00D8A2BB /* URLResorces.plist */; };
		5E5A0E8D1C54CC53007A1DFF /* main.m in Sources */ = {isa = PBXBuildFile; fileRef = 5E5A0E8C1C54CC53007A1DFF /* main.m */; };
		5E5A0E901C54CC53007A1DFF /* AppDelegate.m in Sources */ = {isa = PBXBuildFile; fileRef = 5E5A0E8F1C54CC53007A1DFF /* AppDelegate.m */; };
		5E5A0E961C54CC53007A1DFF /* Main.storyboard in Resources */ = {isa = PBXBuildFile; fileRef = 5E5A0E941C54CC53007A1DFF /* Main.storyboard */; };
		5E5A0E981C54CC53007A1DFF /* Assets.xcassets in Resources */ = {isa = PBXBuildFile; fileRef = 5E5A0E971C54CC53007A1DFF /* Assets.xcassets */; };
		5E5A0E9B1C54CC53007A1DFF /* LaunchScreen.storyboard in Resources */ = {isa = PBXBuildFile; fileRef = 5E5A0E991C54CC53007A1DFF /* LaunchScreen.storyboard */; };
		5E5A0EA61C54CC53007A1DFF /* TopSportNewsTests.m in Sources */ = {isa = PBXBuildFile; fileRef = 5E5A0EA51C54CC53007A1DFF /* TopSportNewsTests.m */; };
		5E5A0EB11C54CC53007A1DFF /* TopSportNewsUITests.m in Sources */ = {isa = PBXBuildFile; fileRef = 5E5A0EB01C54CC53007A1DFF /* TopSportNewsUITests.m */; };
		5E5A0EC21C54DD05007A1DFF /* articleRow.xib in Resources */ = {isa = PBXBuildFile; fileRef = 5E5A0EC11C54DD05007A1DFF /* articleRow.xib */; };
		5E5A0EC51C54F264007A1DFF /* VAricleRow.m in Sources */ = {isa = PBXBuildFile; fileRef = 5E5A0EC41C54F264007A1DFF /* VAricleRow.m */; };
		5E5A0EC91C54F347007A1DFF /* TSArticle.m in Sources */ = {isa = PBXBuildFile; fileRef = 5E5A0EC81C54F347007A1DFF /* TSArticle.m */; };
		5E5A0ECB1C54FC57007A1DFF /* Podfile in Resources */ = {isa = PBXBuildFile; fileRef = 5E5A0ECA1C54FC57007A1DFF /* Podfile */; };
		C6A3F69E54BDE4A96EA0D02F /* libPods-TopSportNews.a in Frameworks */ = {isa = PBXBuildFile; fileRef = ABCFA0BF818CB840A50E92D7 /* libPods-TopSportNews.a */; };
/* End PBXBuildFile section */

/* Begin PBXContainerItemProxy section */
		5E5A0EA21C54CC53007A1DFF /* PBXContainerItemProxy */ = {
			isa = PBXContainerItemProxy;
			containerPortal = 5E5A0E801C54CC52007A1DFF /* Project object */;
			proxyType = 1;
			remoteGlobalIDString = 5E5A0E871C54CC52007A1DFF;
			remoteInfo = TopSportNews;
		};
		5E5A0EAD1C54CC53007A1DFF /* PBXContainerItemProxy */ = {
			isa = PBXContainerItemProxy;
			containerPortal = 5E5A0E801C54CC52007A1DFF /* Project object */;
			proxyType = 1;
			remoteGlobalIDString = 5E5A0E871C54CC52007A1DFF;
			remoteInfo = TopSportNews;
		};
/* End PBXContainerItemProxy section */

/* Begin PBXFileReference section */
		5E54AD9E1C550FAE00D8A2BB /* TSNews.h */ = {isa = PBXFileReference; fileEncoding = 4; lastKnownFileType = sourcecode.c.h; name = TSNews.h; path = utilities/TSNews.h; sourceTree = "<group>"; };
		5E54AD9F1C550FAE00D8A2BB /* TSNews.m */ = {isa = PBXFileReference; fileEncoding = 4; lastKnownFileType = sourcecode.c.objc; name = TSNews.m; path = utilities/TSNews.m; sourceTree = "<group>"; };
		5E54ADA01C550FAE00D8A2BB /* TSObserver.h */ = {isa = PBXFileReference; fileEncoding = 4; lastKnownFileType = sourcecode.c.h; name = TSObserver.h; path = utilities/TSObserver.h; sourceTree = "<group>"; };
		5E54ADA21C550FCB00D8A2BB /* ViewController.h */ = {isa = PBXFileReference; fileEncoding = 4; lastKnownFileType = sourcecode.c.h; name = ViewController.h; path = views/ViewController.h; sourceTree = "<group>"; };
		5E54ADA31C550FCB00D8A2BB /* ViewController.m */ = {isa = PBXFileReference; fileEncoding = 4; lastKnownFileType = sourcecode.c.objc; name = ViewController.m; path = views/ViewController.m; sourceTree = "<group>"; };
		5E54ADA71C55104600D8A2BB /* AFBridge.h */ = {isa = PBXFileReference; fileEncoding = 4; lastKnownFileType = sourcecode.c.h; name = AFBridge.h; path = services/AFBridge.h; sourceTree = "<group>"; };
		5E54ADA81C55106C00D8A2BB /* AFBridge.m */ = {isa = PBXFileReference; fileEncoding = 4; lastKnownFileType = sourcecode.c.objc; name = AFBridge.m; path = services/AFBridge.m; sourceTree = "<group>"; };
		5E54ADA91C55106C00D8A2BB /* URLResorces.plist */ = {isa = PBXFileReference; fileEncoding = 4; lastKnownFileType = text.plist.xml; name = URLResorces.plist; path = services/URLResorces.plist; sourceTree = "<group>"; };
		5E5A0E881C54CC52007A1DFF /* TopSportNews.app */ = {isa = PBXFileReference; explicitFileType = wrapper.application; includeInIndex = 0; path = TopSportNews.app; sourceTree = BUILT_PRODUCTS_DIR; };
		5E5A0E8C1C54CC53007A1DFF /* main.m */ = {isa = PBXFileReference; lastKnownFileType = sourcecode.c.objc; path = main.m; sourceTree = "<group>"; };
		5E5A0E8E1C54CC53007A1DFF /* AppDelegate.h */ = {isa = PBXFileReference; lastKnownFileType = sourcecode.c.h; path = AppDelegate.h; sourceTree = "<group>"; };
		5E5A0E8F1C54CC53007A1DFF /* AppDelegate.m */ = {isa = PBXFileReference; lastKnownFileType = sourcecode.c.objc; path = AppDelegate.m; sourceTree = "<group>"; };
		5E5A0E951C54CC53007A1DFF /* Base */ = {isa = PBXFileReference; lastKnownFileType = file.storyboard; name = Base; path = Base.lproj/Main.storyboard; sourceTree = "<group>"; };
		5E5A0E971C54CC53007A1DFF /* Assets.xcassets */ = {isa = PBXFileReference; lastKnownFileType = folder.assetcatalog; path = Assets.xcassets; sourceTree = "<group>"; };
		5E5A0E9A1C54CC53007A1DFF /* Base */ = {isa = PBXFileReference; lastKnownFileType = file.storyboard; name = Base; path = Base.lproj/LaunchScreen.storyboard; sourceTree = "<group>"; };
		5E5A0E9C1C54CC53007A1DFF /* Info.plist */ = {isa = PBXFileReference; lastKnownFileType = text.plist.xml; path = Info.plist; sourceTree = "<group>"; };
		5E5A0EA11C54CC53007A1DFF /* TopSportNewsTests.xctest */ = {isa = PBXFileReference; explicitFileType = wrapper.cfbundle; includeInIndex = 0; path = TopSportNewsTests.xctest; sourceTree = BUILT_PRODUCTS_DIR; };
		5E5A0EA51C54CC53007A1DFF /* TopSportNewsTests.m */ = {isa = PBXFileReference; lastKnownFileType = sourcecode.c.objc; path = TopSportNewsTests.m; sourceTree = "<group>"; };
		5E5A0EA71C54CC53007A1DFF /* Info.plist */ = {isa = PBXFileReference; lastKnownFileType = text.plist.xml; path = Info.plist; sourceTree = "<group>"; };
		5E5A0EAC1C54CC53007A1DFF /* TopSportNewsUITests.xctest */ = {isa = PBXFileReference; explicitFileType = wrapper.cfbundle; includeInIndex = 0; path = TopSportNewsUITests.xctest; sourceTree = BUILT_PRODUCTS_DIR; };
		5E5A0EB01C54CC53007A1DFF /* TopSportNewsUITests.m */ = {isa = PBXFileReference; lastKnownFileType = sourcecode.c.objc; path = TopSportNewsUITests.m; sourceTree = "<group>"; };
		5E5A0EB21C54CC53007A1DFF /* Info.plist */ = {isa = PBXFileReference; lastKnownFileType = text.plist.xml; path = Info.plist; sourceTree = "<group>"; };
		5E5A0EC11C54DD05007A1DFF /* articleRow.xib */ = {isa = PBXFileReference; fileEncoding = 4; lastKnownFileType = file.xib; name = articleRow.xib; path = components/articleRow.xib; sourceTree = "<group>"; };
		5E5A0EC31C54F264007A1DFF /* VAricleRow.h */ = {isa = PBXFileReference; fileEncoding = 4; lastKnownFileType = sourcecode.c.h; name = VAricleRow.h; path = components/VAricleRow.h; sourceTree = "<group>"; };
		5E5A0EC41C54F264007A1DFF /* VAricleRow.m */ = {isa = PBXFileReference; fileEncoding = 4; lastKnownFileType = sourcecode.c.objc; name = VAricleRow.m; path = components/VAricleRow.m; sourceTree = "<group>"; };
		5E5A0EC71C54F347007A1DFF /* TSArticle.h */ = {isa = PBXFileReference; fileEncoding = 4; lastKnownFileType = sourcecode.c.h; name = TSArticle.h; path = entities/TSArticle.h; sourceTree = "<group>"; };
		5E5A0EC81C54F347007A1DFF /* TSArticle.m */ = {isa = PBXFileReference; fileEncoding = 4; lastKnownFileType = sourcecode.c.objc; name = TSArticle.m; path = entities/TSArticle.m; sourceTree = "<group>"; };
		5E5A0ECA1C54FC57007A1DFF /* Podfile */ = {isa = PBXFileReference; fileEncoding = 4; lastKnownFileType = text; path = Podfile; sourceTree = "<group>"; };
		6DE429272794E1E405B23C8A /* Pods-TopSportNews.release.xcconfig */ = {isa = PBXFileReference; includeInIndex = 1; lastKnownFileType = text.xcconfig; name = "Pods-TopSportNews.release.xcconfig"; path = "Pods/Target Support Files/Pods-TopSportNews/Pods-TopSportNews.release.xcconfig"; sourceTree = "<group>"; };
		74E417BBD0630D0AF82466DC /* Pods-TopSportNews.debug.xcconfig */ = {isa = PBXFileReference; includeInIndex = 1; lastKnownFileType = text.xcconfig; name = "Pods-TopSportNews.debug.xcconfig"; path = "Pods/Target Support Files/Pods-TopSportNews/Pods-TopSportNews.debug.xcconfig"; sourceTree = "<group>"; };
		ABCFA0BF818CB840A50E92D7 /* libPods-TopSportNews.a */ = {isa = PBXFileReference; explicitFileType = archive.ar; includeInIndex = 0; path = "libPods-TopSportNews.a"; sourceTree = BUILT_PRODUCTS_DIR; };
/* End PBXFileReference section */

/* Begin PBXFrameworksBuildPhase section */
		5E5A0E851C54CC52007A1DFF /* Frameworks */ = {
			isa = PBXFrameworksBuildPhase;
			buildActionMask = 2147483647;
			files = (
				C6A3F69E54BDE4A96EA0D02F /* libPods-TopSportNews.a in Frameworks */,
			);
			runOnlyForDeploymentPostprocessing = 0;
		};
		5E5A0E9E1C54CC53007A1DFF /* Frameworks */ = {
			isa = PBXFrameworksBuildPhase;
			buildActionMask = 2147483647;
			files = (
			);
			runOnlyForDeploymentPostprocessing = 0;
		};
		5E5A0EA91C54CC53007A1DFF /* Frameworks */ = {
			isa = PBXFrameworksBuildPhase;
			buildActionMask = 2147483647;
			files = (
			);
			runOnlyForDeploymentPostprocessing = 0;
		};
/* End PBXFrameworksBuildPhase section */

/* Begin PBXGroup section */
		36A46D48AAF8EFB1AE857272 /* Frameworks */ = {
			isa = PBXGroup;
			children = (
				ABCFA0BF818CB840A50E92D7 /* libPods-TopSportNews.a */,
			);
			name = Frameworks;
			sourceTree = "<group>";
		};
		5E54ADA61C550FF800D8A2BB /* services */ = {
			isa = PBXGroup;
			children = (
				5E54ADA81C55106C00D8A2BB /* AFBridge.m */,
				5E54ADA91C55106C00D8A2BB /* URLResorces.plist */,
				5E54ADA71C55104600D8A2BB /* AFBridge.h */,
			);
			name = services;
			sourceTree = "<group>";
		};
		5E5A0E7F1C54CC52007A1DFF = {
			isa = PBXGroup;
			children = (
				5E5A0ECA1C54FC57007A1DFF /* Podfile */,
				5E5A0E8A1C54CC52007A1DFF /* TopSportNews */,
				5E5A0EA41C54CC53007A1DFF /* TopSportNewsTests */,
				5E5A0EAF1C54CC53007A1DFF /* TopSportNewsUITests */,
				5E5A0E891C54CC52007A1DFF /* Products */,
				7A06389ADE1DA0A073656592 /* Pods */,
				36A46D48AAF8EFB1AE857272 /* Frameworks */,
			);
			sourceTree = "<group>";
		};
		5E5A0E891C54CC52007A1DFF /* Products */ = {
			isa = PBXGroup;
			children = (
				5E5A0E881C54CC52007A1DFF /* TopSportNews.app */,
				5E5A0EA11C54CC53007A1DFF /* TopSportNewsTests.xctest */,
				5E5A0EAC1C54CC53007A1DFF /* TopSportNewsUITests.xctest */,
			);
			name = Products;
			sourceTree = "<group>";
		};
		5E5A0E8A1C54CC52007A1DFF /* TopSportNews */ = {
			isa = PBXGroup;
			children = (
				5E54ADA61C550FF800D8A2BB /* services */,
				5EE79B7E1C550C6D00E3FD0E /* utilities */,
				5EE79B7B1C55062C00E3FD0E /* views */,
				5E5A0EC61C54F30E007A1DFF /* entities */,
				5E5A0EBE1C54DC94007A1DFF /* components */,
				5E5A0E8E1C54CC53007A1DFF /* AppDelegate.h */,
				5E5A0E8F1C54CC53007A1DFF /* AppDelegate.m */,
				5E5A0E941C54CC53007A1DFF /* Main.storyboard */,
				5E5A0E971C54CC53007A1DFF /* Assets.xcassets */,
				5E5A0E991C54CC53007A1DFF /* LaunchScreen.storyboard */,
				5E5A0E9C1C54CC53007A1DFF /* Info.plist */,
				5E5A0E8B1C54CC52007A1DFF /* Supporting Files */,
			);
			path = TopSportNews;
			sourceTree = "<group>";
		};
		5E5A0E8B1C54CC52007A1DFF /* Supporting Files */ = {
			isa = PBXGroup;
			children = (
				5E5A0E8C1C54CC53007A1DFF /* main.m */,
			);
			name = "Supporting Files";
			sourceTree = "<group>";
		};
		5E5A0EA41C54CC53007A1DFF /* TopSportNewsTests */ = {
			isa = PBXGroup;
			children = (
				5E5A0EA51C54CC53007A1DFF /* TopSportNewsTests.m */,
				5E5A0EA71C54CC53007A1DFF /* Info.plist */,
			);
			path = TopSportNewsTests;
			sourceTree = "<group>";
		};
		5E5A0EAF1C54CC53007A1DFF /* TopSportNewsUITests */ = {
			isa = PBXGroup;
			children = (
				5E5A0EB01C54CC53007A1DFF /* TopSportNewsUITests.m */,
				5E5A0EB21C54CC53007A1DFF /* Info.plist */,
			);
			path = TopSportNewsUITests;
			sourceTree = "<group>";
		};
		5E5A0EBE1C54DC94007A1DFF /* components */ = {
			isa = PBXGroup;
			children = (
				5E5A0EC11C54DD05007A1DFF /* articleRow.xib */,
				5E5A0EC31C54F264007A1DFF /* VAricleRow.h */,
				5E5A0EC41C54F264007A1DFF /* VAricleRow.m */,
			);
			name = components;
			sourceTree = "<group>";
		};
		5E5A0EC61C54F30E007A1DFF /* entities */ = {
			isa = PBXGroup;
			children = (
				5E5A0EC71C54F347007A1DFF /* TSArticle.h */,
				5E5A0EC81C54F347007A1DFF /* TSArticle.m */,
			);
			name = entities;
			sourceTree = "<group>";
		};
		5EE79B7B1C55062C00E3FD0E /* views */ = {
			isa = PBXGroup;
			children = (
				5E54ADA21C550FCB00D8A2BB /* ViewController.h */,
				5E54ADA31C550FCB00D8A2BB /* ViewController.m */,
			);
			name = views;
			sourceTree = "<group>";
		};
		5EE79B7E1C550C6D00E3FD0E /* utilities */ = {
			isa = PBXGroup;
			children = (
				5E54AD9E1C550FAE00D8A2BB /* TSNews.h */,
				5E54AD9F1C550FAE00D8A2BB /* TSNews.m */,
				5E54ADA01C550FAE00D8A2BB /* TSObserver.h */,
			);
			name = utilities;
			sourceTree = "<group>";
		};
		7A06389ADE1DA0A073656592 /* Pods */ = {
			isa = PBXGroup;
			children = (
				74E417BBD0630D0AF82466DC /* Pods-TopSportNews.debug.xcconfig */,
				6DE429272794E1E405B23C8A /* Pods-TopSportNews.release.xcconfig */,
			);
			name = Pods;
			sourceTree = "<group>";
		};
/* End PBXGroup section */

/* Begin PBXNativeTarget section */
		5E5A0E871C54CC52007A1DFF /* TopSportNews */ = {
			isa = PBXNativeTarget;
			buildConfigurationList = 5E5A0EB51C54CC53007A1DFF /* Build configuration list for PBXNativeTarget "TopSportNews" */;
			buildPhases = (
				6BB12CE5018EF5AB5D887535 /* Check Pods Manifest.lock */,
				5E5A0E841C54CC52007A1DFF /* Sources */,
				5E5A0E851C54CC52007A1DFF /* Frameworks */,
				5E5A0E861C54CC52007A1DFF /* Resources */,
				FA93E2146684385928E302AB /* Embed Pods Frameworks */,
				6E1651F9EEA85107882CCE68 /* Copy Pods Resources */,
			);
			buildRules = (
			);
			dependencies = (
			);
			name = TopSportNews;
			productName = TopSportNews;
			productReference = 5E5A0E881C54CC52007A1DFF /* TopSportNews.app */;
			productType = "com.apple.product-type.application";
		};
		5E5A0EA01C54CC53007A1DFF /* TopSportNewsTests */ = {
			isa = PBXNativeTarget;
			buildConfigurationList = 5E5A0EB81C54CC53007A1DFF /* Build configuration list for PBXNativeTarget "TopSportNewsTests" */;
			buildPhases = (
				5E5A0E9D1C54CC53007A1DFF /* Sources */,
				5E5A0E9E1C54CC53007A1DFF /* Frameworks */,
				5E5A0E9F1C54CC53007A1DFF /* Resources */,
			);
			buildRules = (
			);
			dependencies = (
				5E5A0EA31C54CC53007A1DFF /* PBXTargetDependency */,
			);
			name = TopSportNewsTests;
			productName = TopSportNewsTests;
			productReference = 5E5A0EA11C54CC53007A1DFF /* TopSportNewsTests.xctest */;
			productType = "com.apple.product-type.bundle.unit-test";
		};
		5E5A0EAB1C54CC53007A1DFF /* TopSportNewsUITests */ = {
			isa = PBXNativeTarget;
			buildConfigurationList = 5E5A0EBB1C54CC53007A1DFF /* Build configuration list for PBXNativeTarget "TopSportNewsUITests" */;
			buildPhases = (
				5E5A0EA81C54CC53007A1DFF /* Sources */,
				5E5A0EA91C54CC53007A1DFF /* Frameworks */,
				5E5A0EAA1C54CC53007A1DFF /* Resources */,
			);
			buildRules = (
			);
			dependencies = (
				5E5A0EAE1C54CC53007A1DFF /* PBXTargetDependency */,
			);
			name = TopSportNewsUITests;
			productName = TopSportNewsUITests;
			productReference = 5E5A0EAC1C54CC53007A1DFF /* TopSportNewsUITests.xctest */;
			productType = "com.apple.product-type.bundle.ui-testing";
		};
/* End PBXNativeTarget section */

/* Begin PBXProject section */
		5E5A0E801C54CC52007A1DFF /* Project object */ = {
			isa = PBXProject;
			attributes = {
				LastUpgradeCheck = 0710;
				ORGANIZATIONNAME = "George Gameal";
				TargetAttributes = {
					5E5A0E871C54CC52007A1DFF = {
						CreatedOnToolsVersion = 7.1;
					};
					5E5A0EA01C54CC53007A1DFF = {
						CreatedOnToolsVersion = 7.1;
						TestTargetID = 5E5A0E871C54CC52007A1DFF;
					};
					5E5A0EAB1C54CC53007A1DFF = {
						CreatedOnToolsVersion = 7.1;
						TestTargetID = 5E5A0E871C54CC52007A1DFF;
					};
				};
			};
			buildConfigurationList = 5E5A0E831C54CC52007A1DFF /* Build configuration list for PBXProject "TopSportNews" */;
			compatibilityVersion = "Xcode 3.2";
			developmentRegion = English;
			hasScannedForEncodings = 0;
			knownRegions = (
				en,
				Base,
			);
			mainGroup = 5E5A0E7F1C54CC52007A1DFF;
			productRefGroup = 5E5A0E891C54CC52007A1DFF /* Products */;
			projectDirPath = "";
			projectRoot = "";
			targets = (
				5E5A0E871C54CC52007A1DFF /* TopSportNews */,
				5E5A0EA01C54CC53007A1DFF /* TopSportNewsTests */,
				5E5A0EAB1C54CC53007A1DFF /* TopSportNewsUITests */,
			);
		};
/* End PBXProject section */

/* Begin PBXResourcesBuildPhase section */
		5E5A0E861C54CC52007A1DFF /* Resources */ = {
			isa = PBXResourcesBuildPhase;
			buildActionMask = 2147483647;
			files = (
				5E5A0ECB1C54FC57007A1DFF /* Podfile in Resources */,
				5E5A0E9B1C54CC53007A1DFF /* LaunchScreen.storyboard in Resources */,
				5E54ADAB1C55106C00D8A2BB /* URLResorces.plist in Resources */,
				5E5A0E981C54CC53007A1DFF /* Assets.xcassets in Resources */,
				5E5A0E961C54CC53007A1DFF /* Main.storyboard in Resources */,
				5E5A0EC21C54DD05007A1DFF /* articleRow.xib in Resources */,
			);
			runOnlyForDeploymentPostprocessing = 0;
		};
		5E5A0E9F1C54CC53007A1DFF /* Resources */ = {
			isa = PBXResourcesBuildPhase;
			buildActionMask = 2147483647;
			files = (
			);
			runOnlyForDeploymentPostprocessing = 0;
		};
		5E5A0EAA1C54CC53007A1DFF /* Resources */ = {
			isa = PBXResourcesBuildPhase;
			buildActionMask = 2147483647;
			files = (
			);
			runOnlyForDeploymentPostprocessing = 0;
		};
/* End PBXResourcesBuildPhase section */

/* Begin PBXShellScriptBuildPhase section */
		6BB12CE5018EF5AB5D887535 /* Check Pods Manifest.lock */ = {
			isa = PBXShellScriptBuildPhase;
			buildActionMask = 2147483647;
			files = (
			);
			inputPaths = (
			);
			name = "Check Pods Manifest.lock";
			outputPaths = (
			);
			runOnlyForDeploymentPostprocessing = 0;
			shellPath = /bin/sh;
			shellScript = "diff \"${PODS_ROOT}/../Podfile.lock\" \"${PODS_ROOT}/Manifest.lock\" > /dev/null\nif [[ $? != 0 ]] ; then\n    cat << EOM\nerror: The sandbox is not in sync with the Podfile.lock. Run 'pod install' or update your CocoaPods installation.\nEOM\n    exit 1\nfi\n";
			showEnvVarsInLog = 0;
		};
		6E1651F9EEA85107882CCE68 /* Copy Pods Resources */ = {
			isa = PBXShellScriptBuildPhase;
			buildActionMask = 2147483647;
			files = (
			);
			inputPaths = (
			);
			name = "Copy Pods Resources";
			outputPaths = (
			);
			runOnlyForDeploymentPostprocessing = 0;
			shellPath = /bin/sh;
			shellScript = "\"${SRCROOT}/Pods/Target Support Files/Pods-TopSportNews/Pods-TopSportNews-resources.sh\"\n";
			showEnvVarsInLog = 0;
		};
		FA93E2146684385928E302AB /* Embed Pods Frameworks */ = {
			isa = PBXShellScriptBuildPhase;
			buildActionMask = 2147483647;
			files = (
			);
			inputPaths = (
			);
			name = "Embed Pods Frameworks";
			outputPaths = (
			);
			runOnlyForDeploymentPostprocessing = 0;
			shellPath = /bin/sh;
			shellScript = "\"${SRCROOT}/Pods/Target Support Files/Pods-TopSportNews/Pods-TopSportNews-frameworks.sh\"\n";
			showEnvVarsInLog = 0;
		};
/* End PBXShellScriptBuildPhase section */

/* Begin PBXSourcesBuildPhase section */
		5E5A0E841C54CC52007A1DFF /* Sources */ = {
			isa = PBXSourcesBuildPhase;
			buildActionMask = 2147483647;
			files = (
				5E54ADA41C550FCB00D8A2BB /* ViewController.m in Sources */,
				5E5A0EC91C54F347007A1DFF /* TSArticle.m in Sources */,
				5E5A0EC51C54F264007A1DFF /* VAricleRow.m in Sources */,
				5E54ADA11C550FAE00D8A2BB /* TSNews.m in Sources */,
				5E54ADAA1C55106C00D8A2BB /* AFBridge.m in Sources */,
				5E5A0E901C54CC53007A1DFF /* AppDelegate.m in Sources */,
				5E5A0E8D1C54CC53007A1DFF /* main.m in Sources */,
			);
			runOnlyForDeploymentPostprocessing = 0;
		};
		5E5A0E9D1C54CC53007A1DFF /* Sources */ = {
			isa = PBXSourcesBuildPhase;
			buildActionMask = 2147483647;
			files = (
				5E5A0EA61C54CC53007A1DFF /* TopSportNewsTests.m in Sources */,
			);
			runOnlyForDeploymentPostprocessing = 0;
		};
		5E5A0EA81C54CC53007A1DFF /* Sources */ = {
			isa = PBXSourcesBuildPhase;
			buildActionMask = 2147483647;
			files = (
				5E5A0EB11C54CC53007A1DFF /* TopSportNewsUITests.m in Sources */,
			);
			runOnlyForDeploymentPostprocessing = 0;
		};
/* End PBXSourcesBuildPhase section */

/* Begin PBXTargetDependency section */
		5E5A0EA31C54CC53007A1DFF /* PBXTargetDependency */ = {
			isa = PBXTargetDependency;
			target = 5E5A0E871C54CC52007A1DFF /* TopSportNews */;
			targetProxy = 5E5A0EA21C54CC53007A1DFF /* PBXContainerItemProxy */;
		};
		5E5A0EAE1C54CC53007A1DFF /* PBXTargetDependency */ = {
			isa = PBXTargetDependency;
			target = 5E5A0E871C54CC52007A1DFF /* TopSportNews */;
			targetProxy = 5E5A0EAD1C54CC53007A1DFF /* PBXContainerItemProxy */;
		};
/* End PBXTargetDependency section */

/* Begin PBXVariantGroup section */
		5E5A0E941C54CC53007A1DFF /* Main.storyboard */ = {
			isa = PBXVariantGroup;
			children = (
				5E5A0E951C54CC53007A1DFF /* Base */,
			);
			name = Main.storyboard;
			sourceTree = "<group>";
		};
		5E5A0E991C54CC53007A1DFF /* LaunchScreen.storyboard */ = {
			isa = PBXVariantGroup;
			children = (
				5E5A0E9A1C54CC53007A1DFF /* Base */,
			);
			name = LaunchScreen.storyboard;
			sourceTree = "<group>";
		};
/* End PBXVariantGroup section */

/* Begin XCBuildConfiguration section */
		5E5A0EB31C54CC53007A1DFF /* Debug */ = {
			isa = XCBuildConfiguration;
			buildSettings = {
				ALWAYS_SEARCH_USER_PATHS = NO;
				CLANG_CXX_LANGUAGE_STANDARD = "gnu++0x";
				CLANG_CXX_LIBRARY = "libc++";
				CLANG_ENABLE_MODULES = YES;
				CLANG_ENABLE_OBJC_ARC = YES;
				CLANG_WARN_BOOL_CONVERSION = YES;
				CLANG_WARN_CONSTANT_CONVERSION = YES;
				CLANG_WARN_DIRECT_OBJC_ISA_USAGE = YES_ERROR;
				CLANG_WARN_EMPTY_BODY = YES;
				CLANG_WARN_ENUM_CONVERSION = YES;
				CLANG_WARN_INT_CONVERSION = YES;
				CLANG_WARN_OBJC_ROOT_CLASS = YES_ERROR;
				CLANG_WARN_UNREACHABLE_CODE = YES;
				CLANG_WARN__DUPLICATE_METHOD_MATCH = YES;
				"CODE_SIGN_IDENTITY[sdk=iphoneos*]" = "iPhone Developer";
				COPY_PHASE_STRIP = NO;
				DEBUG_INFORMATION_FORMAT = dwarf;
				ENABLE_STRICT_OBJC_MSGSEND = YES;
				ENABLE_TESTABILITY = YES;
				GCC_C_LANGUAGE_STANDARD = gnu99;
				GCC_DYNAMIC_NO_PIC = NO;
				GCC_NO_COMMON_BLOCKS = YES;
				GCC_OPTIMIZATION_LEVEL = 0;
				GCC_PREPROCESSOR_DEFINITIONS = (
					"DEBUG=1",
					"$(inherited)",
				);
				GCC_WARN_64_TO_32_BIT_CONVERSION = YES;
				GCC_WARN_ABOUT_RETURN_TYPE = YES_ERROR;
				GCC_WARN_UNDECLARED_SELECTOR = YES;
				GCC_WARN_UNINITIALIZED_AUTOS = YES_AGGRESSIVE;
				GCC_WARN_UNUSED_FUNCTION = YES;
				GCC_WARN_UNUSED_VARIABLE = YES;
				IPHONEOS_DEPLOYMENT_TARGET = 9.1;
				MTL_ENABLE_DEBUG_INFO = YES;
				ONLY_ACTIVE_ARCH = YES;
				SDKROOT = iphoneos;
				TARGETED_DEVICE_FAMILY = "1,2";
			};
			name = Debug;
		};
		5E5A0EB41C54CC53007A1DFF /* Release */ = {
			isa = XCBuildConfiguration;
			buildSettings = {
				ALWAYS_SEARCH_USER_PATHS = NO;
				CLANG_CXX_LANGUAGE_STANDARD = "gnu++0x";
				CLANG_CXX_LIBRARY = "libc++";
				CLANG_ENABLE_MODULES = YES;
				CLANG_ENABLE_OBJC_ARC = YES;
				CLANG_WARN_BOOL_CONVERSION = YES;
				CLANG_WARN_CONSTANT_CONVERSION = YES;
				CLANG_WARN_DIRECT_OBJC_ISA_USAGE = YES_ERROR;
				CLANG_WARN_EMPTY_BODY = YES;
				CLANG_WARN_ENUM_CONVERSION = YES;
				CLANG_WARN_INT_CONVERSION = YES;
				CLANG_WARN_OBJC_ROOT_CLASS = YES_ERROR;
				CLANG_WARN_UNREACHABLE_CODE = YES;
				CLANG_WARN__DUPLICATE_METHOD_MATCH = YES;
				"CODE_SIGN_IDENTITY[sdk=iphoneos*]" = "iPhone Developer";
				COPY_PHASE_STRIP = NO;
				DEBUG_INFORMATION_FORMAT = "dwarf-with-dsym";
				ENABLE_NS_ASSERTIONS = NO;
				ENABLE_STRICT_OBJC_MSGSEND = YES;
				GCC_C_LANGUAGE_STANDARD = gnu99;
				GCC_NO_COMMON_BLOCKS = YES;
				GCC_WARN_64_TO_32_BIT_CONVERSION = YES;
				GCC_WARN_ABOUT_RETURN_TYPE = YES_ERROR;
				GCC_WARN_UNDECLARED_SELECTOR = YES;
				GCC_WARN_UNINITIALIZED_AUTOS = YES_AGGRESSIVE;
				GCC_WARN_UNUSED_FUNCTION = YES;
				GCC_WARN_UNUSED_VARIABLE = YES;
				IPHONEOS_DEPLOYMENT_TARGET = 9.1;
				MTL_ENABLE_DEBUG_INFO = NO;
				SDKROOT = iphoneos;
				TARGETED_DEVICE_FAMILY = "1,2";
				VALIDATE_PRODUCT = YES;
			};
			name = Release;
		};
		5E5A0EB61C54CC53007A1DFF /* Debug */ = {
			isa = XCBuildConfiguration;
			baseConfigurationReference = 74E417BBD0630D0AF82466DC /* Pods-TopSportNews.debug.xcconfig */;
			buildSettings = {
				ASSETCATALOG_COMPILER_APPICON_NAME = AppIcon;
				INFOPLIST_FILE = TopSportNews/Info.plist;
				IPHONEOS_DEPLOYMENT_TARGET = 8.0;
				LD_RUNPATH_SEARCH_PATHS = "$(inherited) @executable_path/Frameworks";
				PRODUCT_BUNDLE_IDENTIFIER = GK.TopSportNews;
				PRODUCT_NAME = "$(TARGET_NAME)";
			};
			name = Debug;
		};
		5E5A0EB71C54CC53007A1DFF /* Release */ = {
			isa = XCBuildConfiguration;
			baseConfigurationReference = 6DE429272794E1E405B23C8A /* Pods-TopSportNews.release.xcconfig */;
			buildSettings = {
				ASSETCATALOG_COMPILER_APPICON_NAME = AppIcon;
				INFOPLIST_FILE = TopSportNews/Info.plist;
				IPHONEOS_DEPLOYMENT_TARGET = 8.0;
				LD_RUNPATH_SEARCH_PATHS = "$(inherited) @executable_path/Frameworks";
				PRODUCT_BUNDLE_IDENTIFIER = GK.TopSportNews;
				PRODUCT_NAME = "$(TARGET_NAME)";
			};
			name = Release;
		};
		5E5A0EB91C54CC53007A1DFF /* Debug */ = {
			isa = XCBuildConfiguration;
			buildSettings = {
				BUNDLE_LOADER = "$(TEST_HOST)";
				INFOPLIST_FILE = TopSportNewsTests/Info.plist;
				LD_RUNPATH_SEARCH_PATHS = "$(inherited) @executable_path/Frameworks @loader_path/Frameworks";
				PRODUCT_BUNDLE_IDENTIFIER = GK.TopSportNewsTests;
				PRODUCT_NAME = "$(TARGET_NAME)";
				TEST_HOST = "$(BUILT_PRODUCTS_DIR)/TopSportNews.app/TopSportNews";
			};
			name = Debug;
		};
		5E5A0EBA1C54CC53007A1DFF /* Release */ = {
			isa = XCBuildConfiguration;
			buildSettings = {
				BUNDLE_LOADER = "$(TEST_HOST)";
				INFOPLIST_FILE = TopSportNewsTests/Info.plist;
				LD_RUNPATH_SEARCH_PATHS = "$(inherited) @executable_path/Frameworks @loader_path/Frameworks";
				PRODUCT_BUNDLE_IDENTIFIER = GK.TopSportNewsTests;
				PRODUCT_NAME = "$(TARGET_NAME)";
				TEST_HOST = "$(BUILT_PRODUCTS_DIR)/TopSportNews.app/TopSportNews";
			};
			name = Release;
		};
		5E5A0EBC1C54CC53007A1DFF /* Debug */ = {
			isa = XCBuildConfiguration;
			buildSettings = {
				INFOPLIST_FILE = TopSportNewsUITests/Info.plist;
				LD_RUNPATH_SEARCH_PATHS = "$(inherited) @executable_path/Frameworks @loader_path/Frameworks";
				PRODUCT_BUNDLE_IDENTIFIER = GK.TopSportNewsUITests;
				PRODUCT_NAME = "$(TARGET_NAME)";
				TEST_TARGET_NAME = TopSportNews;
				USES_XCTRUNNER = YES;
			};
			name = Debug;
		};
		5E5A0EBD1C54CC53007A1DFF /* Release */ = {
			isa = XCBuildConfiguration;
			buildSettings = {
				INFOPLIST_FILE = TopSportNewsUITests/Info.plist;
				LD_RUNPATH_SEARCH_PATHS = "$(inherited) @executable_path/Frameworks @loader_path/Frameworks";
				PRODUCT_BUNDLE_IDENTIFIER = GK.TopSportNewsUITests;
				PRODUCT_NAME = "$(TARGET_NAME)";
				TEST_TARGET_NAME = TopSportNews;
				USES_XCTRUNNER = YES;
			};
			name = Release;
		};
/* End XCBuildConfiguration section */

/* Begin XCConfigurationList section */
		5E5A0E831C54CC52007A1DFF /* Build configuration list for PBXProject "TopSportNews" */ = {
			isa = XCConfigurationList;
			buildConfigurations = (
				5E5A0EB31C54CC53007A1DFF /* Debug */,
				5E5A0EB41C54CC53007A1DFF /* Release */,
			);
			defaultConfigurationIsVisible = 0;
			defaultConfigurationName = Release;
		};
		5E5A0EB51C54CC53007A1DFF /* Build configuration list for PBXNativeTarget "TopSportNews" */ = {
			isa = XCConfigurationList;
			buildConfigurations = (
				5E5A0EB61C54CC53007A1DFF /* Debug */,
				5E5A0EB71C54CC53007A1DFF /* Release */,
			);
			defaultConfigurationIsVisible = 0;
			defaultConfigurationName = Release;
		};
		5E5A0EB81C54CC53007A1DFF /* Build configuration list for PBXNativeTarget "TopSportNewsTests" */ = {
			isa = XCConfigurationList;
			buildConfigurations = (
				5E5A0EB91C54CC53007A1DFF /* Debug */,
				5E5A0EBA1C54CC53007A1DFF /* Release */,
			);
			defaultConfigurationIsVisible = 0;
			defaultConfigurationName = Release;
		};
		5E5A0EBB1C54CC53007A1DFF /* Build configuration list for PBXNativeTarget "TopSportNewsUITests" */ = {
			isa = XCConfigurationList;
			buildConfigurations = (
				5E5A0EBC1C54CC53007A1DFF /* Debug */,
				5E5A0EBD1C54CC53007A1DFF /* Release */,
			);
			defaultConfigurationIsVisible = 0;
			defaultConfigurationName = Release;
		};
/* End XCConfigurationList section */
	};
	rootObject = 5E5A0E801C54CC52007A1DFF /* Project object */;
}
